
Microsoft Visual Studio Solution File, Format Version 12.00
# Visual Studio Version 16
VisualStudioVersion = 16.0.33927.289
MinimumVisualStudioVersion = 10.0.40219.1
Project("{FAE04EC0-301F-11D3-BF4B-00C04F79EFBC}") = "PASS3", "PASS3\PASS3.csproj", "{10A6C2A3-29C1-4BD9-B7CE-3B086B4970DD}"
EndProject
Global
	GlobalSection(SolutionConfigurationPlatforms) = preSolution
		Debug|Any CPU = Debug|Any CPU
		Release|Any CPU = Release|Any CPU
	EndGlobalSection
	GlobalSection(ProjectConfigurationPlatforms) = postSolution
		{10A6C2A3-29C1-4BD9-B7CE-3B086B4970DD}.Debug|Any CPU.ActiveCfg = Debug|Any CPU
		{10A6C2A3-29C1-4BD9-B7CE-3B086B4970DD}.Debug|Any CPU.Build.0 = Debug|Any CPU
		{10A6C2A3-29C1-4BD9-B7CE-3B086B4970DD}.Release|Any CPU.ActiveCfg = Release|Any CPU
		{10A6C2A3-29C1-4BD9-B7CE-3B086B4970DD}.Release|Any CPU.Build.0 = Release|Any CPU
	EndGlobalSection
	GlobalSection(SolutionProperties) = preSolution
		HideSolutionNode = FALSE
	EndGlobalSection
	GlobalSection(ExtensibilityGlobals) = postSolution
		SolutionGuid = {DA40C971-0FE3-4B5A-B021-8B05D7E51DD3}
	EndGlobalSection
EndGlobal
